PODS:
  - Alamofire (3.3.0)
  - AlamofireObjectMapper (2.1.2):
    - Alamofire (~> 3.2)
    - ObjectMapper (~> 1.0)
  - Dollar (5.0.0)
  - KeyPathTransformer (0.2.0):
    - Dollar
  - Nosce (0.1.5):
    - Dollar
  - ObjectMapper (1.2.0)
  - Woodhouse (0.1.0):
    - Alamofire (~> 3.0)
    - AlamofireObjectMapper (~> 2.1)
    - Dollar
    - KeyPathTransformer
    - Nosce

DEPENDENCIES:
  - Woodhouse (from `../`)

EXTERNAL SOURCES:
  Woodhouse:
    :path: ../

SPEC CHECKSUMS:
  Alamofire: 9054db4a1b1ca9e363223183e01cea380159a27c
  AlamofireObjectMapper: 82391c31f23e37bdb2660da174bcf81b202da39d
  Dollar: 310893dd6b3799b9b155e3deb61a0492987e4d03
  KeyPathTransformer: 709b2b7e37750b9638f75b20eae2ca6efe3eef6e
  Nosce: 0f689b67ff60ae41c793184cc6dbcbe08caec3f6
  ObjectMapper: b1e9c7c8a9f6400b72690c80072c131504caa66f
  Woodhouse: faa4ec676e73e8b597b722d90ef31f0465b1869b

COCOAPODS: 0.38.2
